
Microsoft Visual Studio Solution File, Format Version 12.00
# Visual Studio Version 17
VisualStudioVersion = 17.6.33829.357
MinimumVisualStudioVersion = 10.0.40219.1
Project("{9A19103F-16F7-4668-BE54-9A1E7A4F7556}") = "TVSoundController", "src\TVSoundController.csproj", "{35A82396-AF1D-4FE5-BDF0-B193F421F942}"
EndProject
Global
	GlobalSection(SolutionConfigurationPlatforms) = preSolution
		Debug|Any CPU = Debug|Any CPU
		Release|Any CPU = Release|Any CPU
	EndGlobalSection
	GlobalSection(ProjectConfigurationPlatforms) = postSolution
		{35A82396-AF1D-4FE5-BDF0-B193F421F942}.Debug|Any CPU.ActiveCfg = Debug|Any CPU
		{35A82396-AF1D-4FE5-BDF0-B193F421F942}.Debug|Any CPU.Build.0 = Debug|Any CPU
		{35A82396-AF1D-4FE5-BDF0-B193F421F942}.Release|Any CPU.ActiveCfg = Release|Any CPU
		{35A82396-AF1D-4FE5-BDF0-B193F421F942}.Release|Any CPU.Build.0 = Release|Any CPU
	EndGlobalSection
	GlobalSection(SolutionProperties) = preSolution
		HideSolutionNode = FALSE
	EndGlobalSection
	GlobalSection(ExtensibilityGlobals) = postSolution
		SolutionGuid = {A35150FC-4540-4E95-92E1-E6F3CDF4811E}
	EndGlobalSection
EndGlobal
